// !$*UTF8*$!
{
	archiveVersion = 1;
	classes = {
	};
	objectVersion = 50;
	objects = {

/* Begin PBXBuildFile section */
		04C88856221CDFCF005A8CD5 /* main.swift in Sources */ = {isa = PBXBuildFile; fileRef = 04C88855221CDFCF005A8CD5 /* main.swift */; };
		04C88863221CDFFE005A8CD5 /* Order.swift in Sources */ = {isa = PBXBuildFile; fileRef = 04C8885C221CDFFD005A8CD5 /* Order.swift */; };
		04C88864221CDFFE005A8CD5 /* Administrator.swift in Sources */ = {isa = PBXBuildFile; fileRef = 04C8885D221CDFFD005A8CD5 /* Administrator.swift */; };
		04C88865221CDFFE005A8CD5 /* ShoppingCart.swift in Sources */ = {isa = PBXBuildFile; fileRef = 04C8885E221CDFFD005A8CD5 /* ShoppingCart.swift */; };
		04C88866221CDFFE005A8CD5 /* Customer.swift in Sources */ = {isa = PBXBuildFile; fileRef = 04C8885F221CDFFD005A8CD5 /* Customer.swift */; };
		04C88867221CDFFE005A8CD5 /* User.swift in Sources */ = {isa = PBXBuildFile; fileRef = 04C88860221CDFFD005A8CD5 /* User.swift */; };
		04C88868221CDFFE005A8CD5 /* ShippingInfo.swift in Sources */ = {isa = PBXBuildFile; fileRef = 04C88861221CDFFD005A8CD5 /* ShippingInfo.swift */; };
		04C88869221CDFFE005A8CD5 /* OrderDetails.swift in Sources */ = {isa = PBXBuildFile; fileRef = 04C88862221CDFFE005A8CD5 /* OrderDetails.swift */; };
		04F782F92220C55300EF9167 /* IDisplay.swift in Sources */ = {isa = PBXBuildFile; fileRef = 04F782F82220C55300EF9167 /* IDisplay.swift */; };
		04F782FB2220D09400EF9167 /* Product.swift in Sources */ = {isa = PBXBuildFile; fileRef = 04F782FA2220D09400EF9167 /* Product.swift */; };
		04F782FD2220D09E00EF9167 /* Manufacturer.swift in Sources */ = {isa = PBXBuildFile; fileRef = 04F782FC2220D09E00EF9167 /* Manufacturer.swift */; };
/* End PBXBuildFile section */

/* Begin PBXCopyFilesBuildPhase section */
		04C88850221CDFCF005A8CD5 /* CopyFiles */ = {
			isa = PBXCopyFilesBuildPhase;
			buildActionMask = 2147483647;
			dstPath = /usr/share/man/man1/;
			dstSubfolderSpec = 0;
			files = (
			);
			runOnlyForDeploymentPostprocessing = 1;
		};
/* End PBXCopyFilesBuildPhase section */

/* Begin PBXFileReference section */
		04C88852221CDFCF005A8CD5 /* Group5_W2019_MAD3004_FP */ = {isa = PBXFileReference; explicitFileType = "compiled.mach-o.executable"; includeInIndex = 0; path = Group5_W2019_MAD3004_FP; sourceTree = BUILT_PRODUCTS_DIR; };
		04C88855221CDFCF005A8CD5 /* main.swift */ = {isa = PBXFileReference; lastKnownFileType = sourcecode.swift; path = main.swift; sourceTree = "<group>"; };
		04C8885C221CDFFD005A8CD5 /* Order.swift */ = {isa = PBXFileReference; fileEncoding = 4; lastKnownFileType = sourcecode.swift; path = Order.swift; sourceTree = "<group>"; };
		04C8885D221CDFFD005A8CD5 /* Administrator.swift */ = {isa = PBXFileReference; fileEncoding = 4; lastKnownFileType = sourcecode.swift; path = Administrator.swift; sourceTree = "<group>"; };
		04C8885E221CDFFD005A8CD5 /* ShoppingCart.swift */ = {isa = PBXFileReference; fileEncoding = 4; lastKnownFileType = sourcecode.swift; path = ShoppingCart.swift; sourceTree = "<group>"; };
		04C8885F221CDFFD005A8CD5 /* Customer.swift */ = {isa = PBXFileReference; fileEncoding = 4; lastKnownFileType = sourcecode.swift; path = Customer.swift; sourceTree = "<group>"; };
		04C88860221CDFFD005A8CD5 /* User.swift */ = {isa = PBXFileReference; fileEncoding = 4; lastKnownFileType = sourcecode.swift; path = User.swift; sourceTree = "<group>"; };
		04C88861221CDFFD005A8CD5 /* ShippingInfo.swift */ = {isa = PBXFileReference; fileEncoding = 4; lastKnownFileType = sourcecode.swift; path = ShippingInfo.swift; sourceTree = "<group>"; };
		04C88862221CDFFE005A8CD5 /* OrderDetails.swift */ = {isa = PBXFileReference; fileEncoding = 4; lastKnownFileType = sourcecode.swift; path = OrderDetails.swift; sourceTree = "<group>"; };
		04F782F82220C55300EF9167 /* IDisplay.swift */ = {isa = PBXFileReference; lastKnownFileType = sourcecode.swift; path = IDisplay.swift; sourceTree = "<group>"; };
		04F782FA2220D09400EF9167 /* Product.swift */ = {isa = PBXFileReference; fileEncoding = 4; lastKnownFileType = sourcecode.swift; path = Product.swift; sourceTree = "<group>"; };
		04F782FC2220D09E00EF9167 /* Manufacturer.swift */ = {isa = PBXFileReference; fileEncoding = 4; lastKnownFileType = sourcecode.swift; path = Manufacturer.swift; sourceTree = "<group>"; };
/* End PBXFileReference section */

/* Begin PBXFrameworksBuildPhase section */
		04C8884F221CDFCF005A8CD5 /* Frameworks */ = {
			isa = PBXFrameworksBuildPhase;
			buildActionMask = 2147483647;
			files = (
			);
			runOnlyForDeploymentPostprocessing = 0;
		};
/* End PBXFrameworksBuildPhase section */

/* Begin PBXGroup section */
		04C88849221CDFCF005A8CD5 = {
			isa = PBXGroup;
			children = (
				04C88854221CDFCF005A8CD5 /* Group5_W2019_MAD3004_FP */,
				04C88853221CDFCF005A8CD5 /* Products */,
			);
			sourceTree = "<group>";
		};
		04C88853221CDFCF005A8CD5 /* Products */ = {
			isa = PBXGroup;
			children = (
				04C88852221CDFCF005A8CD5 /* Group5_W2019_MAD3004_FP */,
			);
			name = Products;
			sourceTree = "<group>";
		};
		04C88854221CDFCF005A8CD5 /* Group5_W2019_MAD3004_FP */ = {
			isa = PBXGroup;
			children = (
				04C88855221CDFCF005A8CD5 /* main.swift */,
				04C8885D221CDFFD005A8CD5 /* Administrator.swift */,
				04C8885F221CDFFD005A8CD5 /* Customer.swift */,
				04F782FA2220D09400EF9167 /* Product.swift */,
				04F782FC2220D09E00EF9167 /* Manufacturer.swift */,
				04C8885C221CDFFD005A8CD5 /* Order.swift */,
				04C88862221CDFFE005A8CD5 /* OrderDetails.swift */,
				04C88861221CDFFD005A8CD5 /* ShippingInfo.swift */,
				04C8885E221CDFFD005A8CD5 /* ShoppingCart.swift */,
				04C88860221CDFFD005A8CD5 /* User.swift */,
				04F782F82220C55300EF9167 /* IDisplay.swift */,
			);
			path = Group5_W2019_MAD3004_FP;
			sourceTree = "<group>";
		};
/* End PBXGroup section */

/* Begin PBXNativeTarget section */
		04C88851221CDFCF005A8CD5 /* Group5_W2019_MAD3004_FP */ = {
			isa = PBXNativeTarget;
			buildConfigurationList = 04C88859221CDFCF005A8CD5 /* Build configuration list for PBXNativeTarget "Group5_W2019_MAD3004_FP" */;
			buildPhases = (
				04C8884E221CDFCF005A8CD5 /* Sources */,
				04C8884F221CDFCF005A8CD5 /* Frameworks */,
				04C88850221CDFCF005A8CD5 /* CopyFiles */,
			);
			buildRules = (
			);
			dependencies = (
			);
			name = Group5_W2019_MAD3004_FP;
			productName = Group5_W2019_MAD3004_FP;
			productReference = 04C88852221CDFCF005A8CD5 /* Group5_W2019_MAD3004_FP */;
			productType = "com.apple.product-type.tool";
		};
/* End PBXNativeTarget section */

/* Begin PBXProject section */
		04C8884A221CDFCF005A8CD5 /* Project object */ = {
			isa = PBXProject;
			attributes = {
				LastSwiftUpdateCheck = 1010;
				LastUpgradeCheck = 1010;
				ORGANIZATIONNAME = LambtonCollege;
				TargetAttributes = {
					04C88851221CDFCF005A8CD5 = {
						CreatedOnToolsVersion = 10.1;
					};
				};
			};
			buildConfigurationList = 04C8884D221CDFCF005A8CD5 /* Build configuration list for PBXProject "Group5_W2019_MAD3004_FP" */;
			compatibilityVersion = "Xcode 9.3";
			developmentRegion = en;
			hasScannedForEncodings = 0;
			knownRegions = (
				en,
			);
			mainGroup = 04C88849221CDFCF005A8CD5;
			productRefGroup = 04C88853221CDFCF005A8CD5 /* Products */;
			projectDirPath = "";
			projectRoot = "";
			targets = (
				04C88851221CDFCF005A8CD5 /* Group5_W2019_MAD3004_FP */,
			);
		};
/* End PBXProject section */

/* Begin PBXSourcesBuildPhase section */
		04C8884E221CDFCF005A8CD5 /* Sources */ = {
			isa = PBXSourcesBuildPhase;
			buildActionMask = 2147483647;
			files = (
				04C88864221CDFFE005A8CD5 /* Administrator.swift in Sources */,
				04C88868221CDFFE005A8CD5 /* ShippingInfo.swift in Sources */,
				04C88866221CDFFE005A8CD5 /* Customer.swift in Sources */,
				04C88867221CDFFE005A8CD5 /* User.swift in Sources */,
				04C88863221CDFFE005A8CD5 /* Order.swift in Sources */,
				04C88856221CDFCF005A8CD5 /* main.swift in Sources */,
				04C88865221CDFFE005A8CD5 /* ShoppingCart.swift in Sources */,
				04F782FB2220D09400EF9167 /* Product.swift in Sources */,
				04C88869221CDFFE005A8CD5 /* OrderDetails.swift in Sources */,
				04F782FD2220D09E00EF9167 /* Manufacturer.swift in Sources */,
				04F782F92220C55300EF9167 /* IDisplay.swift in Sources */,
			);
			runOnlyForDeploymentPostprocessing = 0;
		};
/* End PBXSourcesBuildPhase section */

/* Begin XCBuildConfiguration section */
		04C88857221CDFCF005A8CD5 /* Debug */ = {
			isa = XCBuildConfiguration;
			buildSettings = {
				ALWAYS_SEARCH_USER_PATHS = NO;
				CLANG_ANALYZER_NONNULL = YES;
				CLANG_ANALYZER_NUMBER_OBJECT_CONVERSION = YES_AGGRESSIVE;
				CLANG_CXX_LANGUAGE_STANDARD = "gnu++14";
				CLANG_CXX_LIBRARY = "libc++";
				CLANG_ENABLE_MODULES = YES;
				CLANG_ENABLE_OBJC_ARC = YES;
				CLANG_ENABLE_OBJC_WEAK = YES;
				CLANG_WARN_BLOCK_CAPTURE_AUTORELEASING = YES;
				CLANG_WARN_BOOL_CONVERSION = YES;
				CLANG_WARN_COMMA = YES;
				CLANG_WARN_CONSTANT_CONVERSION = YES;
				CLANG_WARN_DEPRECATED_OBJC_IMPLEMENTATIONS = YES;
				CLANG_WARN_DIRECT_OBJC_ISA_USAGE = YES_ERROR;
				CLANG_WARN_DOCUMENTATION_COMMENTS = YES;
				CLANG_WARN_EMPTY_BODY = YES;
				CLANG_WARN_ENUM_CONVERSION = YES;
				CLANG_WARN_INFINITE_RECURSION = YES;
				CLANG_WARN_INT_CONVERSION = YES;
				CLANG_WARN_NON_LITERAL_NULL_CONVERSION = YES;
				CLANG_WARN_OBJC_IMPLICIT_RETAIN_SELF = YES;
				CLANG_WARN_OBJC_LITERAL_CONVERSION = YES;
				CLANG_WARN_OBJC_ROOT_CLASS = YES_ERROR;
				CLANG_WARN_RANGE_LOOP_ANALYSIS = YES;
				CLANG_WARN_STRICT_PROTOTYPES = YES;
				CLANG_WARN_SUSPICIOUS_MOVE = YES;
				CLANG_WARN_UNGUARDED_AVAILABILITY = YES_AGGRESSIVE;
				CLANG_WARN_UNREACHABLE_CODE = YES;
				CLANG_WARN__DUPLICATE_METHOD_MATCH = YES;
				CODE_SIGN_IDENTITY = "Mac Developer";
				COPY_PHASE_STRIP = NO;
				DEBUG_INFORMATION_FORMAT = dwarf;
				ENABLE_STRICT_OBJC_MSGSEND = YES;
				ENABLE_TESTABILITY = YES;
				GCC_C_LANGUAGE_STANDARD = gnu11;
				GCC_DYNAMIC_NO_PIC = NO;
				GCC_NO_COMMON_BLOCKS = YES;
				GCC_OPTIMIZATION_LEVEL = 0;
				GCC_PREPROCESSOR_DEFINITIONS = (
					"DEBUG=1",
					"$(inherited)",
				);
				GCC_WARN_64_TO_32_BIT_CONVERSION = YES;
				GCC_WARN_ABOUT_RETURN_TYPE = YES_ERROR;
				GCC_WARN_UNDECLARED_SELECTOR = YES;
				GCC_WARN_UNINITIALIZED_AUTOS = YES_AGGRESSIVE;
				GCC_WARN_UNUSED_FUNCTION = YES;
				GCC_WARN_UNUSED_VARIABLE = YES;
				MACOSX_DEPLOYMENT_TARGET = 10.14;
				MTL_ENABLE_DEBUG_INFO = INCLUDE_SOURCE;
				MTL_FAST_MATH = YES;
				ONLY_ACTIVE_ARCH = YES;
				SDKROOT = macosx;
				SWIFT_ACTIVE_COMPILATION_CONDITIONS = DEBUG;
				SWIFT_OPTIMIZATION_LEVEL = "-Onone";
			};
			name = Debug;
		};
		04C88858221CDFCF005A8CD5 /* Release */ = {
			isa = XCBuildConfiguration;
			buildSettings = {
				ALWAYS_SEARCH_USER_PATHS = NO;
				CLANG_ANALYZER_NONNULL = YES;
				CLANG_ANALYZER_NUMBER_OBJECT_CONVERSION = YES_AGGRESSIVE;
				CLANG_CXX_LANGUAGE_STANDARD = "gnu++14";
				CLANG_CXX_LIBRARY = "libc++";
				CLANG_ENABLE_MODULES = YES;
				CLANG_ENABLE_OBJC_ARC = YES;
				CLANG_ENABLE_OBJC_WEAK = YES;
				CLANG_WARN_BLOCK_CAPTURE_AUTORELEASING = YES;
				CLANG_WARN_BOOL_CONVERSION = YES;
				CLANG_WARN_COMMA = YES;
				CLANG_WARN_CONSTANT_CONVERSION = YES;
				CLANG_WARN_DEPRECATED_OBJC_IMPLEMENTATIONS = YES;
				CLANG_WARN_DIRECT_OBJC_ISA_USAGE = YES_ERROR;
				CLANG_WARN_DOCUMENTATION_COMMENTS = YES;
				CLANG_WARN_EMPTY_BODY = YES;
				CLANG_WARN_ENUM_CONVERSION = YES;
				CLANG_WARN_INFINITE_RECURSION = YES;
				CLANG_WARN_INT_CONVERSION = YES;
				CLANG_WARN_NON_LITERAL_NULL_CONVERSION = YES;
				CLANG_WARN_OBJC_IMPLICIT_RETAIN_SELF = YES;
				CLANG_WARN_OBJC_LITERAL_CONVERSION = YES;
				CLANG_WARN_OBJC_ROOT_CLASS = YES_ERROR;
				CLANG_WARN_RANGE_LOOP_ANALYSIS = YES;
				CLANG_WARN_STRICT_PROTOTYPES = YES;
				CLANG_WARN_SUSPICIOUS_MOVE = YES;
				CLANG_WARN_UNGUARDED_AVAILABILITY = YES_AGGRESSIVE;
				CLANG_WARN_UNREACHABLE_CODE = YES;
				CLANG_WARN__DUPLICATE_METHOD_MATCH = YES;
				CODE_SIGN_IDENTITY = "Mac Developer";
				COPY_PHASE_STRIP = NO;
				DEBUG_INFORMATION_FORMAT = "dwarf-with-dsym";
				ENABLE_NS_ASSERTIONS = NO;
				ENABLE_STRICT_OBJC_MSGSEND = YES;
				GCC_C_LANGUAGE_STANDARD = gnu11;
				GCC_NO_COMMON_BLOCKS = YES;
				GCC_WARN_64_TO_32_BIT_CONVERSION = YES;
				GCC_WARN_ABOUT_RETURN_TYPE = YES_ERROR;
				GCC_WARN_UNDECLARED_SELECTOR = YES;
				GCC_WARN_UNINITIALIZED_AUTOS = YES_AGGRESSIVE;
				GCC_WARN_UNUSED_FUNCTION = YES;
				GCC_WARN_UNUSED_VARIABLE = YES;
				MACOSX_DEPLOYMENT_TARGET = 10.14;
				MTL_ENABLE_DEBUG_INFO = NO;
				MTL_FAST_MATH = YES;
				SDKROOT = macosx;
				SWIFT_COMPILATION_MODE = wholemodule;
				SWIFT_OPTIMIZATION_LEVEL = "-O";
			};
			name = Release;
		};
		04C8885A221CDFCF005A8CD5 /* Debug */ = {
			isa = XCBuildConfiguration;
			buildSettings = {
				CODE_SIGN_STYLE = Automatic;
				DEVELOPMENT_TEAM = UXR768RJ2F;
				PRODUCT_NAME = "$(TARGET_NAME)";
				SWIFT_VERSION = 4.2;
			};
			name = Debug;
		};
		04C8885B221CDFCF005A8CD5 /* Release */ = {
			isa = XCBuildConfiguration;
			buildSettings = {
				CODE_SIGN_STYLE = Automatic;
				DEVELOPMENT_TEAM = UXR768RJ2F;
				PRODUCT_NAME = "$(TARGET_NAME)";
				SWIFT_VERSION = 4.2;
			};
			name = Release;
		};
/* End XCBuildConfiguration section */

/* Begin XCConfigurationList section */
		04C8884D221CDFCF005A8CD5 /* Build configuration list for PBXProject "Group5_W2019_MAD3004_FP" */ = {
			isa = XCConfigurationList;
			buildConfigurations = (
				04C88857221CDFCF005A8CD5 /* Debug */,
				04C88858221CDFCF005A8CD5 /* Release */,
			);
			defaultConfigurationIsVisible = 0;
			defaultConfigurationName = Release;
		};
		04C88859221CDFCF005A8CD5 /* Build configuration list for PBXNativeTarget "Group5_W2019_MAD3004_FP" */ = {
			isa = XCConfigurationList;
			buildConfigurations = (
				04C8885A221CDFCF005A8CD5 /* Debug */,
				04C8885B221CDFCF005A8CD5 /* Release */,
			);
			defaultConfigurationIsVisible = 0;
			defaultConfigurationName = Release;
		};
/* End XCConfigurationList section */
	};
	rootObject = 04C8884A221CDFCF005A8CD5 /* Project object */;
}
